
Microsoft Visual Studio Solution File, Format Version 12.00
# Visual Studio Version 18
VisualStudioVersion = 18.2.11415.280
MinimumVisualStudioVersion = 10.0.40219.1
Project("{FAE04EC0-301F-11D3-BF4B-00C04F79EFBC}") = "PhotoAppApi", "PhotoAppApi.csproj", "{5BD709E1-D9DC-3216-F400-4448498A2FAD}"
EndProject
Project("{FAE04EC0-301F-11D3-BF4B-00C04F79EFBC}") = "PhotoAppApi.Tests", "..\PhotoAppApi.Tests\PhotoAppApi.Tests.csproj", "{B683F48C-9B1E-4978-918D-9A8587B5BABD}"
EndProject
Global
	GlobalSection(SolutionConfigurationPlatforms) = preSolution
		Debug|Any CPU = Debug|Any CPU
		Debug|x64 = Debug|x64
		Debug|x86 = Debug|x86
		Release|Any CPU = Release|Any CPU
		Release|x64 = Release|x64
		Release|x86 = Release|x86
	EndGlobalSection
	GlobalSection(ProjectConfigurationPlatforms) = postSolution
		{5BD709E1-D9DC-3216-F400-4448498A2FAD}.Debug|Any CPU.ActiveCfg = Debug|Any CPU
		{5BD709E1-D9DC-3216-F400-4448498A2FAD}.Debug|Any CPU.Build.0 = Debug|Any CPU
		{5BD709E1-D9DC-3216-F400-4448498A2FAD}.Debug|x64.ActiveCfg = Debug|Any CPU
		{5BD709E1-D9DC-3216-F400-4448498A2FAD}.Debug|x64.Build.0 = Debug|Any CPU
		{5BD709E1-D9DC-3216-F400-4448498A2FAD}.Debug|x86.ActiveCfg = Debug|Any CPU
		{5BD709E1-D9DC-3216-F400-4448498A2FAD}.Debug|x86.Build.0 = Debug|Any CPU
		{5BD709E1-D9DC-3216-F400-4448498A2FAD}.Release|Any CPU.ActiveCfg = Release|Any CPU
		{5BD709E1-D9DC-3216-F400-4448498A2FAD}.Release|Any CPU.Build.0 = Release|Any CPU
		{5BD709E1-D9DC-3216-F400-4448498A2FAD}.Release|x64.ActiveCfg = Release|Any CPU
		{5BD709E1-D9DC-3216-F400-4448498A2FAD}.Release|x64.Build.0 = Release|Any CPU
		{5BD709E1-D9DC-3216-F400-4448498A2FAD}.Release|x86.ActiveCfg = Release|Any CPU
		{5BD709E1-D9DC-3216-F400-4448498A2FAD}.Release|x86.Build.0 = Release|Any CPU
		{B683F48C-9B1E-4978-918D-9A8587B5BABD}.Debug|Any CPU.ActiveCfg = Debug|Any CPU
		{B683F48C-9B1E-4978-918D-9A8587B5BABD}.Debug|Any CPU.Build.0 = Debug|Any CPU
		{B683F48C-9B1E-4978-918D-9A8587B5BABD}.Debug|x64.ActiveCfg = Debug|Any CPU
		{B683F48C-9B1E-4978-918D-9A8587B5BABD}.Debug|x64.Build.0 = Debug|Any CPU
		{B683F48C-9B1E-4978-918D-9A8587B5BABD}.Debug|x86.ActiveCfg = Debug|Any CPU
		{B683F48C-9B1E-4978-918D-9A8587B5BABD}.Debug|x86.Build.0 = Debug|Any CPU
		{B683F48C-9B1E-4978-918D-9A8587B5BABD}.Release|Any CPU.ActiveCfg = Release|Any CPU
		{B683F48C-9B1E-4978-918D-9A8587B5BABD}.Release|Any CPU.Build.0 = Release|Any CPU
		{B683F48C-9B1E-4978-918D-9A8587B5BABD}.Release|x64.ActiveCfg = Release|Any CPU
		{B683F48C-9B1E-4978-918D-9A8587B5BABD}.Release|x64.Build.0 = Release|Any CPU
		{B683F48C-9B1E-4978-918D-9A8587B5BABD}.Release|x86.ActiveCfg = Release|Any CPU
		{B683F48C-9B1E-4978-918D-9A8587B5BABD}.Release|x86.Build.0 = Release|Any CPU
	EndGlobalSection
	GlobalSection(SolutionProperties) = preSolution
		HideSolutionNode = FALSE
	EndGlobalSection
	GlobalSection(ExtensibilityGlobals) = postSolution
		SolutionGuid = {D2434249-6273-4CEB-8CED-3ADCA369A8F4}
	EndGlobalSection
EndGlobal
